
Microsoft Visual Studio Solution File, Format Version 12.00
# Visual Studio Version 17
VisualStudioVersion = 17.5.33516.290
MinimumVisualStudioVersion = 10.0.40219.1
Project("{9A19103F-16F7-4668-BE54-9A1E7A4F7556}") = "Hajir.Crm.Abstractions", "Hajir.Crm.Abstractions\Hajir.Crm.Abstractions.csproj", "{13E0792C-D14E-4B13-B3AD-E7D3DBD0B136}"
EndProject
Project("{9A19103F-16F7-4668-BE54-9A1E7A4F7556}") = "Hajir.Crm", "Hajir.Crm\Hajir.Crm.csproj", "{39A07D54-2C7B-49EB-A2EE-5C81A1C3F559}"
EndProject
Project("{9A19103F-16F7-4668-BE54-9A1E7A4F7556}") = "Hajir.Crm.Blazor", "Hajir.Crm.Blazor\Hajir.Crm.Blazor.csproj", "{01723E0C-B75B-4438-B673-1B2D1999C58A}"
EndProject
Project("{9A19103F-16F7-4668-BE54-9A1E7A4F7556}") = "Hajir.Crm.Blazor.Server", "Hajir.Crm.Blazor.Server\Hajir.Crm.Blazor.Server.csproj", "{FA1CBA09-AB13-45EC-96E3-4C9FDFEDA257}"
EndProject
Project("{9A19103F-16F7-4668-BE54-9A1E7A4F7556}") = "Hajir.Crm.Api", "Hajir.Crm.Api\Hajir.Crm.Api.csproj", "{33D14D57-6BA1-4BB3-9382-5C6E8CCBE6C5}"
EndProject
Project("{2150E333-8FDC-42A3-9474-1A3956D46DE8}") = "Library", "Library", "{412E5D3F-049E-4723-B7E3-C364876198A2}"
EndProject
Project("{9A19103F-16F7-4668-BE54-9A1E7A4F7556}") = "GN.Library.Shared", "Library\GN.Library.Shared\GN.Library.Shared.csproj", "{D5022908-86D9-4D35-8E06-3C6093730E77}"
EndProject
Project("{9A19103F-16F7-4668-BE54-9A1E7A4F7556}") = "GN.Library", "Library\GN.Library\GN.Library.csproj", "{43247668-03A1-4AEE-B808-239DE199E042}"
EndProject
Project("{9A19103F-16F7-4668-BE54-9A1E7A4F7556}") = "GN.Library.Api", "Library\GN.Library.Api\GN.Library.Api.csproj", "{20B39021-2A9A-4CCD-924C-AC805D76FEA4}"
EndProject
Project("{9A19103F-16F7-4668-BE54-9A1E7A4F7556}") = "GN.Library.Xrm.Plugins", "Library\GN.Library.Xrm.Plugins\GN.Library.Xrm.Plugins.csproj", "{2A5DE7DA-8D3C-49A4-9543-7E4CBC6470A9}"
EndProject
Project("{9A19103F-16F7-4668-BE54-9A1E7A4F7556}") = "GN.Library.Xrm", "Library\GN.Library.Xrm\GN.Library.Xrm.csproj", "{7CB9CCFA-4FFE-480E-A22C-9F5F7DC449F5}"
EndProject
Project("{9A19103F-16F7-4668-BE54-9A1E7A4F7556}") = "GN.Library.Xrm.Query", "Library\GN.Library.Xrm.Query\GN.Library.Xrm.Query.csproj", "{631B9421-A54C-424D-B9CA-9F3A088CC30A}"
EndProject
Project("{9A19103F-16F7-4668-BE54-9A1E7A4F7556}") = "GN.Library.MicroServices", "Library\GN.Library.MicroServices\GN.Library.MicroServices.csproj", "{1CC8B4B6-99A5-441C-B419-39FAEBE2489F}"
EndProject
Project("{9A19103F-16F7-4668-BE54-9A1E7A4F7556}") = "GN.Library.Messaging", "Library\GN.Library.Messaging\GN.Library.Messaging.csproj", "{94BCBB14-2BAF-471F-AA6E-092AC4784163}"
EndProject
Project("{9A19103F-16F7-4668-BE54-9A1E7A4F7556}") = "GN.Library.CommandLines", "Library\GN.Library.CommandLine\GN.Library.CommandLines.csproj", "{196B05F1-379A-4B96-83A1-2F4C3C14A022}"
EndProject
Project("{9A19103F-16F7-4668-BE54-9A1E7A4F7556}") = "GN.Library.Parnian", "Library\GN.Library.Parnian\GN.Library.Parnian.csproj", "{DDDCA111-4823-43AB-9F64-96846502A86C}"
EndProject
Project("{9A19103F-16F7-4668-BE54-9A1E7A4F7556}") = "GN.Library.PDF", "Library\GN.Library.PDF\GN.Library.PDF.csproj", "{FD8692E9-0958-45B6-9B00-5F05719E6535}"
EndProject
Project("{9A19103F-16F7-4668-BE54-9A1E7A4F7556}") = "Hajir.Crm.Tests", "Hajir.Crm.Tests\Hajir.Crm.Tests.csproj", "{043A0F7E-8450-4575-A94C-A76EA20814F4}"
EndProject
Project("{9A19103F-16F7-4668-BE54-9A1E7A4F7556}") = "Hajir.Crm.Xrm.Tests", "Hajir.Crm.Xrm.Tests\Hajir.Crm.Xrm.Tests.csproj", "{7CFEE6D2-C68C-4526-9A57-3EB4FA3F9404}"
EndProject
Project("{9A19103F-16F7-4668-BE54-9A1E7A4F7556}") = "Hajir.Crm.Infrastructure.Xrm", "Hajir.Crm.Infrastructure.Xrm\Hajir.Crm.Infrastructure.Xrm.csproj", "{5EB3F34B-9991-4062-845A-CF83D3FDE340}"
EndProject
Project("{9A19103F-16F7-4668-BE54-9A1E7A4F7556}") = "Hajir.Crm.Integration.SanadPardaz", "Hajir.Crm.Integration.SanadPardaz\Hajir.Crm.Integration.SanadPardaz.csproj", "{DDBF98DA-9339-45BF-926A-6C4BD4643BE8}"
EndProject
Project("{2150E333-8FDC-42A3-9474-1A3956D46DE8}") = "Applications", "Applications", "{6E5C4971-007F-4C2C-B998-C3D5949F40A6}"
EndProject
Project("{9A19103F-16F7-4668-BE54-9A1E7A4F7556}") = "Hajir.Crm.Integration.Service", "Hajir.Crm.Integration.Service\Hajir.Crm.Integration.Service.csproj", "{A2E3DF9B-B6ED-4B0B-9968-D120D8134A63}"
EndProject
Project("{9A19103F-16F7-4668-BE54-9A1E7A4F7556}") = "Hajir.Crm.Xrm.Service", "Hajir.Crm.Xrm.Service\Hajir.Crm.Xrm.Service.csproj", "{61D72884-0BED-4D03-BE8E-E14052FEAB71}"
EndProject
Project("{9A19103F-16F7-4668-BE54-9A1E7A4F7556}") = "GN.Library.Messaging.Transports.SignalR", "Library\GN.Library.Messaging.Transports.SignalR\GN.Library.Messaging.Transports.SignalR.csproj", "{E6D96B04-E9ED-453E-A58A-1FFC5ABCF97A}"
EndProject
Project("{9A19103F-16F7-4668-BE54-9A1E7A4F7556}") = "GN.Library.Win32", "Library\GN.Library.Win32\GN.Library.Win32.csproj", "{F4C13D1D-96C8-492E-ABBA-2493FCD4EB38}"
EndProject
Project("{9A19103F-16F7-4668-BE54-9A1E7A4F7556}") = "Hajir.Crm.Infrastructure.Service", "Hajir.Crm.Infrastructure.Service\Hajir.Crm.Infrastructure.Service.csproj", "{D09DB99E-98CE-4D3C-A006-5C44C56240B9}"
EndProject
Project("{2150E333-8FDC-42A3-9474-1A3956D46DE8}") = "AI", "AI", "{C6722FD3-3E4E-4844-A655-813F86DF206C}"
EndProject
Project("{9A19103F-16F7-4668-BE54-9A1E7A4F7556}") = "Hajir.AI.Bot", "AI\Hajir.AI.Bot\Hajir.AI.Bot.csproj", "{D88DD3BA-22E4-4D91-B032-836D86A7C57D}"
EndProject
Project("{9A19103F-16F7-4668-BE54-9A1E7A4F7556}") = "Hajir.AI.Bot.Service", "Hajir.AI.Bot.Service\Hajir.AI.Bot.Service.csproj", "{C0416DD3-D3B0-4AF0-9BD6-A28D7A2099D6}"
EndProject
Project("{9A19103F-16F7-4668-BE54-9A1E7A4F7556}") = "GN.Library.Odoo", "Library\GN.Library.Odoo\GN.Library.Odoo.csproj", "{151E172A-1DB7-466B-BA35-0008C0B54721}"
EndProject
Project("{9A19103F-16F7-4668-BE54-9A1E7A4F7556}") = "Hajir.Crm.Report.Server", "Hajir.Crm.Report.Server\Hajir.Crm.Report.Server.csproj", "{B17D3C40-B46A-4D5A-A4D5-8D95991724FF}"
EndProject
Project("{9A19103F-16F7-4668-BE54-9A1E7A4F7556}") = "Hajir.Crm.Reporting", "Hajir.Crm.Reporting\Hajir.Crm.Reporting.csproj", "{4B83FBFD-877E-4D45-B3D3-8DA0F0B35B95}"
EndProject
Project("{9A19103F-16F7-4668-BE54-9A1E7A4F7556}") = "Hajir.Crm.Sales.Xrm.Plugins", "Hajir.Crm.Sales.Xrm.Plugins\Hajir.Crm.Sales.Xrm.Plugins.csproj", "{5479CAD8-7B1D-494F-9C3A-1815A78601A0}"
EndProject
Project("{9A19103F-16F7-4668-BE54-9A1E7A4F7556}") = "Hajir.Crm.Sales.Xrm.Service", "Hajir.Crm.Sales.Xrm.Service\Hajir.Crm.Sales.Xrm.Service.csproj", "{2E5299F6-140E-46E4-8DDC-0EA01E46B759}"
EndProject
Project("{9A19103F-16F7-4668-BE54-9A1E7A4F7556}") = "Hajir.Crm.Excel.AddIn", "Hajir.Crm.Excel.AddIn\Hajir.Crm.Excel.AddIn.csproj", "{944DD70B-9500-406D-8063-FAF0FD8F8F22}"
EndProject
Project("{9A19103F-16F7-4668-BE54-9A1E7A4F7556}") = "GN.Library.ServerBase", "Library\GN.Library.ServerBase\GN.Library.ServerBase.csproj", "{A540E821-6111-423B-A55C-BEE9BCB9AACA}"
EndProject
Global
	GlobalSection(SolutionConfigurationPlatforms) = preSolution
		Debug|Any CPU = Debug|Any CPU
		Release|Any CPU = Release|Any CPU
	EndGlobalSection
	GlobalSection(ProjectConfigurationPlatforms) = postSolution
		{13E0792C-D14E-4B13-B3AD-E7D3DBD0B136}.Debug|Any CPU.ActiveCfg = Debug|Any CPU
		{13E0792C-D14E-4B13-B3AD-E7D3DBD0B136}.Debug|Any CPU.Build.0 = Debug|Any CPU
		{13E0792C-D14E-4B13-B3AD-E7D3DBD0B136}.Release|Any CPU.ActiveCfg = Release|Any CPU
		{13E0792C-D14E-4B13-B3AD-E7D3DBD0B136}.Release|Any CPU.Build.0 = Release|Any CPU
		{39A07D54-2C7B-49EB-A2EE-5C81A1C3F559}.Debug|Any CPU.ActiveCfg = Debug|Any CPU
		{39A07D54-2C7B-49EB-A2EE-5C81A1C3F559}.Debug|Any CPU.Build.0 = Debug|Any CPU
		{39A07D54-2C7B-49EB-A2EE-5C81A1C3F559}.Release|Any CPU.ActiveCfg = Release|Any CPU
		{39A07D54-2C7B-49EB-A2EE-5C81A1C3F559}.Release|Any CPU.Build.0 = Release|Any CPU
		{01723E0C-B75B-4438-B673-1B2D1999C58A}.Debug|Any CPU.ActiveCfg = Debug|Any CPU
		{01723E0C-B75B-4438-B673-1B2D1999C58A}.Debug|Any CPU.Build.0 = Debug|Any CPU
		{01723E0C-B75B-4438-B673-1B2D1999C58A}.Release|Any CPU.ActiveCfg = Release|Any CPU
		{01723E0C-B75B-4438-B673-1B2D1999C58A}.Release|Any CPU.Build.0 = Release|Any CPU
		{FA1CBA09-AB13-45EC-96E3-4C9FDFEDA257}.Debug|Any CPU.ActiveCfg = Debug|Any CPU
		{FA1CBA09-AB13-45EC-96E3-4C9FDFEDA257}.Debug|Any CPU.Build.0 = Debug|Any CPU
		{FA1CBA09-AB13-45EC-96E3-4C9FDFEDA257}.Release|Any CPU.ActiveCfg = Release|Any CPU
		{FA1CBA09-AB13-45EC-96E3-4C9FDFEDA257}.Release|Any CPU.Build.0 = Release|Any CPU
		{33D14D57-6BA1-4BB3-9382-5C6E8CCBE6C5}.Debug|Any CPU.ActiveCfg = Debug|Any CPU
		{33D14D57-6BA1-4BB3-9382-5C6E8CCBE6C5}.Debug|Any CPU.Build.0 = Debug|Any CPU
		{33D14D57-6BA1-4BB3-9382-5C6E8CCBE6C5}.Release|Any CPU.ActiveCfg = Release|Any CPU
		{33D14D57-6BA1-4BB3-9382-5C6E8CCBE6C5}.Release|Any CPU.Build.0 = Release|Any CPU
		{D5022908-86D9-4D35-8E06-3C6093730E77}.Debug|Any CPU.ActiveCfg = Debug|Any CPU
		{D5022908-86D9-4D35-8E06-3C6093730E77}.Debug|Any CPU.Build.0 = Debug|Any CPU
		{D5022908-86D9-4D35-8E06-3C6093730E77}.Release|Any CPU.ActiveCfg = Release|Any CPU
		{D5022908-86D9-4D35-8E06-3C6093730E77}.Release|Any CPU.Build.0 = Release|Any CPU
		{43247668-03A1-4AEE-B808-239DE199E042}.Debug|Any CPU.ActiveCfg = Debug|Any CPU
		{43247668-03A1-4AEE-B808-239DE199E042}.Debug|Any CPU.Build.0 = Debug|Any CPU
		{43247668-03A1-4AEE-B808-239DE199E042}.Release|Any CPU.ActiveCfg = Release|Any CPU
		{43247668-03A1-4AEE-B808-239DE199E042}.Release|Any CPU.Build.0 = Release|Any CPU
		{20B39021-2A9A-4CCD-924C-AC805D76FEA4}.Debug|Any CPU.ActiveCfg = Debug|Any CPU
		{20B39021-2A9A-4CCD-924C-AC805D76FEA4}.Debug|Any CPU.Build.0 = Debug|Any CPU
		{20B39021-2A9A-4CCD-924C-AC805D76FEA4}.Release|Any CPU.ActiveCfg = Release|Any CPU
		{20B39021-2A9A-4CCD-924C-AC805D76FEA4}.Release|Any CPU.Build.0 = Release|Any CPU
		{2A5DE7DA-8D3C-49A4-9543-7E4CBC6470A9}.Debug|Any CPU.ActiveCfg = Debug|Any CPU
		{2A5DE7DA-8D3C-49A4-9543-7E4CBC6470A9}.Debug|Any CPU.Build.0 = Debug|Any CPU
		{2A5DE7DA-8D3C-49A4-9543-7E4CBC6470A9}.Release|Any CPU.ActiveCfg = Release|Any CPU
		{2A5DE7DA-8D3C-49A4-9543-7E4CBC6470A9}.Release|Any CPU.Build.0 = Release|Any CPU
		{7CB9CCFA-4FFE-480E-A22C-9F5F7DC449F5}.Debug|Any CPU.ActiveCfg = Debug|Any CPU
		{7CB9CCFA-4FFE-480E-A22C-9F5F7DC449F5}.Debug|Any CPU.Build.0 = Debug|Any CPU
		{7CB9CCFA-4FFE-480E-A22C-9F5F7DC449F5}.Release|Any CPU.ActiveCfg = Release|Any CPU
		{7CB9CCFA-4FFE-480E-A22C-9F5F7DC449F5}.Release|Any CPU.Build.0 = Release|Any CPU
		{631B9421-A54C-424D-B9CA-9F3A088CC30A}.Debug|Any CPU.ActiveCfg = Debug|Any CPU
		{631B9421-A54C-424D-B9CA-9F3A088CC30A}.Debug|Any CPU.Build.0 = Debug|Any CPU
		{631B9421-A54C-424D-B9CA-9F3A088CC30A}.Release|Any CPU.ActiveCfg = Release|Any CPU
		{631B9421-A54C-424D-B9CA-9F3A088CC30A}.Release|Any CPU.Build.0 = Release|Any CPU
		{1CC8B4B6-99A5-441C-B419-39FAEBE2489F}.Debug|Any CPU.ActiveCfg = Debug|Any CPU
		{1CC8B4B6-99A5-441C-B419-39FAEBE2489F}.Debug|Any CPU.Build.0 = Debug|Any CPU
		{1CC8B4B6-99A5-441C-B419-39FAEBE2489F}.Release|Any CPU.ActiveCfg = Release|Any CPU
		{1CC8B4B6-99A5-441C-B419-39FAEBE2489F}.Release|Any CPU.Build.0 = Release|Any CPU
		{94BCBB14-2BAF-471F-AA6E-092AC4784163}.Debug|Any CPU.ActiveCfg = Debug|Any CPU
		{94BCBB14-2BAF-471F-AA6E-092AC4784163}.Debug|Any CPU.Build.0 = Debug|Any CPU
		{94BCBB14-2BAF-471F-AA6E-092AC4784163}.Release|Any CPU.ActiveCfg = Release|Any CPU
		{94BCBB14-2BAF-471F-AA6E-092AC4784163}.Release|Any CPU.Build.0 = Release|Any CPU
		{196B05F1-379A-4B96-83A1-2F4C3C14A022}.Debug|Any CPU.ActiveCfg = Debug|Any CPU
		{196B05F1-379A-4B96-83A1-2F4C3C14A022}.Debug|Any CPU.Build.0 = Debug|Any CPU
		{196B05F1-379A-4B96-83A1-2F4C3C14A022}.Release|Any CPU.ActiveCfg = Release|Any CPU
		{196B05F1-379A-4B96-83A1-2F4C3C14A022}.Release|Any CPU.Build.0 = Release|Any CPU
		{DDDCA111-4823-43AB-9F64-96846502A86C}.Debug|Any CPU.ActiveCfg = Debug|Any CPU
		{DDDCA111-4823-43AB-9F64-96846502A86C}.Debug|Any CPU.Build.0 = Debug|Any CPU
		{DDDCA111-4823-43AB-9F64-96846502A86C}.Release|Any CPU.ActiveCfg = Release|Any CPU
		{DDDCA111-4823-43AB-9F64-96846502A86C}.Release|Any CPU.Build.0 = Release|Any CPU
		{FD8692E9-0958-45B6-9B00-5F05719E6535}.Debug|Any CPU.ActiveCfg = Debug|Any CPU
		{FD8692E9-0958-45B6-9B00-5F05719E6535}.Debug|Any CPU.Build.0 = Debug|Any CPU
		{FD8692E9-0958-45B6-9B00-5F05719E6535}.Release|Any CPU.ActiveCfg = Release|Any CPU
		{FD8692E9-0958-45B6-9B00-5F05719E6535}.Release|Any CPU.Build.0 = Release|Any CPU
		{043A0F7E-8450-4575-A94C-A76EA20814F4}.Debug|Any CPU.ActiveCfg = Debug|Any CPU
		{043A0F7E-8450-4575-A94C-A76EA20814F4}.Debug|Any CPU.Build.0 = Debug|Any CPU
		{043A0F7E-8450-4575-A94C-A76EA20814F4}.Release|Any CPU.ActiveCfg = Release|Any CPU
		{043A0F7E-8450-4575-A94C-A76EA20814F4}.Release|Any CPU.Build.0 = Release|Any CPU
		{7CFEE6D2-C68C-4526-9A57-3EB4FA3F9404}.Debug|Any CPU.ActiveCfg = Debug|Any CPU
		{7CFEE6D2-C68C-4526-9A57-3EB4FA3F9404}.Debug|Any CPU.Build.0 = Debug|Any CPU
		{7CFEE6D2-C68C-4526-9A57-3EB4FA3F9404}.Release|Any CPU.ActiveCfg = Release|Any CPU
		{7CFEE6D2-C68C-4526-9A57-3EB4FA3F9404}.Release|Any CPU.Build.0 = Release|Any CPU
		{5EB3F34B-9991-4062-845A-CF83D3FDE340}.Debug|Any CPU.ActiveCfg = Debug|Any CPU
		{5EB3F34B-9991-4062-845A-CF83D3FDE340}.Debug|Any CPU.Build.0 = Debug|Any CPU
		{5EB3F34B-9991-4062-845A-CF83D3FDE340}.Release|Any CPU.ActiveCfg = Release|Any CPU
		{5EB3F34B-9991-4062-845A-CF83D3FDE340}.Release|Any CPU.Build.0 = Release|Any CPU
		{DDBF98DA-9339-45BF-926A-6C4BD4643BE8}.Debug|Any CPU.ActiveCfg = Debug|Any CPU
		{DDBF98DA-9339-45BF-926A-6C4BD4643BE8}.Debug|Any CPU.Build.0 = Debug|Any CPU
		{DDBF98DA-9339-45BF-926A-6C4BD4643BE8}.Release|Any CPU.ActiveCfg = Release|Any CPU
		{DDBF98DA-9339-45BF-926A-6C4BD4643BE8}.Release|Any CPU.Build.0 = Release|Any CPU
		{A2E3DF9B-B6ED-4B0B-9968-D120D8134A63}.Debug|Any CPU.ActiveCfg = Debug|Any CPU
		{A2E3DF9B-B6ED-4B0B-9968-D120D8134A63}.Debug|Any CPU.Build.0 = Debug|Any CPU
		{A2E3DF9B-B6ED-4B0B-9968-D120D8134A63}.Release|Any CPU.ActiveCfg = Release|Any CPU
		{A2E3DF9B-B6ED-4B0B-9968-D120D8134A63}.Release|Any CPU.Build.0 = Release|Any CPU
		{61D72884-0BED-4D03-BE8E-E14052FEAB71}.Debug|Any CPU.ActiveCfg = Debug|Any CPU
		{61D72884-0BED-4D03-BE8E-E14052FEAB71}.Debug|Any CPU.Build.0 = Debug|Any CPU
		{61D72884-0BED-4D03-BE8E-E14052FEAB71}.Release|Any CPU.ActiveCfg = Release|Any CPU
		{61D72884-0BED-4D03-BE8E-E14052FEAB71}.Release|Any CPU.Build.0 = Release|Any CPU
		{E6D96B04-E9ED-453E-A58A-1FFC5ABCF97A}.Debug|Any CPU.ActiveCfg = Debug|Any CPU
		{E6D96B04-E9ED-453E-A58A-1FFC5ABCF97A}.Debug|Any CPU.Build.0 = Debug|Any CPU
		{E6D96B04-E9ED-453E-A58A-1FFC5ABCF97A}.Release|Any CPU.ActiveCfg = Release|Any CPU
		{E6D96B04-E9ED-453E-A58A-1FFC5ABCF97A}.Release|Any CPU.Build.0 = Release|Any CPU
		{F4C13D1D-96C8-492E-ABBA-2493FCD4EB38}.Debug|Any CPU.ActiveCfg = Debug|Any CPU
		{F4C13D1D-96C8-492E-ABBA-2493FCD4EB38}.Debug|Any CPU.Build.0 = Debug|Any CPU
		{F4C13D1D-96C8-492E-ABBA-2493FCD4EB38}.Release|Any CPU.ActiveCfg = Release|Any CPU
		{F4C13D1D-96C8-492E-ABBA-2493FCD4EB38}.Release|Any CPU.Build.0 = Release|Any CPU
		{D09DB99E-98CE-4D3C-A006-5C44C56240B9}.Debug|Any CPU.ActiveCfg = Debug|Any CPU
		{D09DB99E-98CE-4D3C-A006-5C44C56240B9}.Debug|Any CPU.Build.0 = Debug|Any CPU
		{D09DB99E-98CE-4D3C-A006-5C44C56240B9}.Release|Any CPU.ActiveCfg = Release|Any CPU
		{D09DB99E-98CE-4D3C-A006-5C44C56240B9}.Release|Any CPU.Build.0 = Release|Any CPU
		{D88DD3BA-22E4-4D91-B032-836D86A7C57D}.Debug|Any CPU.ActiveCfg = Debug|Any CPU
		{D88DD3BA-22E4-4D91-B032-836D86A7C57D}.Debug|Any CPU.Build.0 = Debug|Any CPU
		{D88DD3BA-22E4-4D91-B032-836D86A7C57D}.Release|Any CPU.ActiveCfg = Release|Any CPU
		{D88DD3BA-22E4-4D91-B032-836D86A7C57D}.Release|Any CPU.Build.0 = Release|Any CPU
		{C0416DD3-D3B0-4AF0-9BD6-A28D7A2099D6}.Debug|Any CPU.ActiveCfg = Debug|Any CPU
		{C0416DD3-D3B0-4AF0-9BD6-A28D7A2099D6}.Debug|Any CPU.Build.0 = Debug|Any CPU
		{C0416DD3-D3B0-4AF0-9BD6-A28D7A2099D6}.Release|Any CPU.ActiveCfg = Release|Any CPU
		{C0416DD3-D3B0-4AF0-9BD6-A28D7A2099D6}.Release|Any CPU.Build.0 = Release|Any CPU
		{151E172A-1DB7-466B-BA35-0008C0B54721}.Debug|Any CPU.ActiveCfg = Debug|Any CPU
		{151E172A-1DB7-466B-BA35-0008C0B54721}.Debug|Any CPU.Build.0 = Debug|Any CPU
		{151E172A-1DB7-466B-BA35-0008C0B54721}.Release|Any CPU.ActiveCfg = Release|Any CPU
		{151E172A-1DB7-466B-BA35-0008C0B54721}.Release|Any CPU.Build.0 = Release|Any CPU
		{B17D3C40-B46A-4D5A-A4D5-8D95991724FF}.Debug|Any CPU.ActiveCfg = Debug|Any CPU
		{B17D3C40-B46A-4D5A-A4D5-8D95991724FF}.Debug|Any CPU.Build.0 = Debug|Any CPU
		{B17D3C40-B46A-4D5A-A4D5-8D95991724FF}.Release|Any CPU.ActiveCfg = Release|Any CPU
		{B17D3C40-B46A-4D5A-A4D5-8D95991724FF}.Release|Any CPU.Build.0 = Release|Any CPU
		{4B83FBFD-877E-4D45-B3D3-8DA0F0B35B95}.Debug|Any CPU.ActiveCfg = Debug|Any CPU
		{4B83FBFD-877E-4D45-B3D3-8DA0F0B35B95}.Debug|Any CPU.Build.0 = Debug|Any CPU
		{4B83FBFD-877E-4D45-B3D3-8DA0F0B35B95}.Release|Any CPU.ActiveCfg = Release|Any CPU
		{4B83FBFD-877E-4D45-B3D3-8DA0F0B35B95}.Release|Any CPU.Build.0 = Release|Any CPU
		{5479CAD8-7B1D-494F-9C3A-1815A78601A0}.Debug|Any CPU.ActiveCfg = Debug|Any CPU
		{5479CAD8-7B1D-494F-9C3A-1815A78601A0}.Debug|Any CPU.Build.0 = Debug|Any CPU
		{5479CAD8-7B1D-494F-9C3A-1815A78601A0}.Release|Any CPU.ActiveCfg = Release|Any CPU
		{5479CAD8-7B1D-494F-9C3A-1815A78601A0}.Release|Any CPU.Build.0 = Release|Any CPU
		{2E5299F6-140E-46E4-8DDC-0EA01E46B759}.Debug|Any CPU.ActiveCfg = Debug|Any CPU
		{2E5299F6-140E-46E4-8DDC-0EA01E46B759}.Debug|Any CPU.Build.0 = Debug|Any CPU
		{2E5299F6-140E-46E4-8DDC-0EA01E46B759}.Release|Any CPU.ActiveCfg = Release|Any CPU
		{2E5299F6-140E-46E4-8DDC-0EA01E46B759}.Release|Any CPU.Build.0 = Release|Any CPU
		{944DD70B-9500-406D-8063-FAF0FD8F8F22}.Debug|Any CPU.ActiveCfg = Debug|Any CPU
		{944DD70B-9500-406D-8063-FAF0FD8F8F22}.Debug|Any CPU.Build.0 = Debug|Any CPU
		{944DD70B-9500-406D-8063-FAF0FD8F8F22}.Release|Any CPU.ActiveCfg = Release|Any CPU
		{944DD70B-9500-406D-8063-FAF0FD8F8F22}.Release|Any CPU.Build.0 = Release|Any CPU
		{A540E821-6111-423B-A55C-BEE9BCB9AACA}.Debug|Any CPU.ActiveCfg = Debug|Any CPU
		{A540E821-6111-423B-A55C-BEE9BCB9AACA}.Debug|Any CPU.Build.0 = Debug|Any CPU
		{A540E821-6111-423B-A55C-BEE9BCB9AACA}.Release|Any CPU.ActiveCfg = Release|Any CPU
		{A540E821-6111-423B-A55C-BEE9BCB9AACA}.Release|Any CPU.Build.0 = Release|Any CPU
	EndGlobalSection
	GlobalSection(SolutionProperties) = preSolution
		HideSolutionNode = FALSE
	EndGlobalSection
	GlobalSection(NestedProjects) = preSolution
		{FA1CBA09-AB13-45EC-96E3-4C9FDFEDA257} = {6E5C4971-007F-4C2C-B998-C3D5949F40A6}
		{D5022908-86D9-4D35-8E06-3C6093730E77} = {412E5D3F-049E-4723-B7E3-C364876198A2}
		{43247668-03A1-4AEE-B808-239DE199E042} = {412E5D3F-049E-4723-B7E3-C364876198A2}
		{20B39021-2A9A-4CCD-924C-AC805D76FEA4} = {412E5D3F-049E-4723-B7E3-C364876198A2}
		{2A5DE7DA-8D3C-49A4-9543-7E4CBC6470A9} = {412E5D3F-049E-4723-B7E3-C364876198A2}
		{7CB9CCFA-4FFE-480E-A22C-9F5F7DC449F5} = {412E5D3F-049E-4723-B7E3-C364876198A2}
		{631B9421-A54C-424D-B9CA-9F3A088CC30A} = {412E5D3F-049E-4723-B7E3-C364876198A2}
		{1CC8B4B6-99A5-441C-B419-39FAEBE2489F} = {412E5D3F-049E-4723-B7E3-C364876198A2}
		{94BCBB14-2BAF-471F-AA6E-092AC4784163} = {412E5D3F-049E-4723-B7E3-C364876198A2}
		{196B05F1-379A-4B96-83A1-2F4C3C14A022} = {412E5D3F-049E-4723-B7E3-C364876198A2}
		{DDDCA111-4823-43AB-9F64-96846502A86C} = {412E5D3F-049E-4723-B7E3-C364876198A2}
		{FD8692E9-0958-45B6-9B00-5F05719E6535} = {412E5D3F-049E-4723-B7E3-C364876198A2}
		{A2E3DF9B-B6ED-4B0B-9968-D120D8134A63} = {6E5C4971-007F-4C2C-B998-C3D5949F40A6}
		{61D72884-0BED-4D03-BE8E-E14052FEAB71} = {6E5C4971-007F-4C2C-B998-C3D5949F40A6}
		{E6D96B04-E9ED-453E-A58A-1FFC5ABCF97A} = {412E5D3F-049E-4723-B7E3-C364876198A2}
		{F4C13D1D-96C8-492E-ABBA-2493FCD4EB38} = {412E5D3F-049E-4723-B7E3-C364876198A2}
		{D09DB99E-98CE-4D3C-A006-5C44C56240B9} = {6E5C4971-007F-4C2C-B998-C3D5949F40A6}
		{C0416DD3-D3B0-4AF0-9BD6-A28D7A2099D6} = {6E5C4971-007F-4C2C-B998-C3D5949F40A6}
		{151E172A-1DB7-466B-BA35-0008C0B54721} = {412E5D3F-049E-4723-B7E3-C364876198A2}
		{B17D3C40-B46A-4D5A-A4D5-8D95991724FF} = {6E5C4971-007F-4C2C-B998-C3D5949F40A6}
		{5479CAD8-7B1D-494F-9C3A-1815A78601A0} = {6E5C4971-007F-4C2C-B998-C3D5949F40A6}
		{2E5299F6-140E-46E4-8DDC-0EA01E46B759} = {6E5C4971-007F-4C2C-B998-C3D5949F40A6}
		{A540E821-6111-423B-A55C-BEE9BCB9AACA} = {412E5D3F-049E-4723-B7E3-C364876198A2}
	EndGlobalSection
	GlobalSection(ExtensibilityGlobals) = postSolution
		SolutionGuid = {30CDE44F-4F30-4755-B9AD-4D13BFD2160F}
	EndGlobalSection
EndGlobal
